# THIS IS AN AUTOGENERATED FILE. DO NOT EDIT THIS FILE DIRECTLY.
# yarn lockfile v1


angular-route@^1.6.1:
  version "1.6.1"
  resolved "https://registry.yarnpkg.com/angular-route/-/angular-route-1.6.1.tgz#6d1087f4d6a1422026f91a13be86adc8f1d20ec7"

angular@^1.6.1:
  version "1.6.1"
  resolved "https://registry.yarnpkg.com/angular/-/angular-1.6.1.tgz#a7b6d763a74c157325692619e97257e69d9b6a27"

bootstrap-material-design@^0.5.10:
  version "0.5.10"
  resolved "https://registry.yarnpkg.com/bootstrap-material-design/-/bootstrap-material-design-0.5.10.tgz#b36b0035b528a821c1758695b25d25e25e121372"
  dependencies:
    bootstrap ">=3.0"
    jquery ">=1.9.1"

bootstrap@>=3.0, bootstrap@^3.3.7:
  version "3.3.7"
  resolved "https://registry.yarnpkg.com/bootstrap/-/bootstrap-3.3.7.tgz#5a389394549f23330875a3b150656574f8a9eb71"

c3@^0.4.11:
  version "0.4.11"
  resolved "https://registry.yarnpkg.com/c3/-/c3-0.4.11.tgz#3f2b6c7bd33577a3473dd61176735565b4d0f3ce"
  dependencies:
    d3 "~3.5.0"

d3@~3.5.0:
  version "3.5.17"
  resolved "https://registry.yarnpkg.com/d3/-/d3-3.5.17.tgz#bc46748004378b21a360c9fc7cf5231790762fb8"

jquery@>=1.9.1, jquery@^3.1.1:
  version "3.1.1"
  resolved "https://registry.yarnpkg.com/jquery/-/jquery-3.1.1.tgz#347c1c21c7e004115e0a4da32cece041fad3c8a3"
